
Microsoft Visual Studio Solution File, Format Version 12.00
# Visual Studio Version 17
VisualStudioVersion = 17.2.32616.157
MinimumVisualStudioVersion = 10.0.40219.1
Project("{FAE04EC0-301F-11D3-BF4B-00C04F79EFBC}") = "csharp-cibi-preferiti", "csharp-cibi-preferiti.csproj", "{7B2F4119-8416-436B-BF1A-1403AC89BA77}"
EndProject
Global
	GlobalSection(SolutionConfigurationPlatforms) = preSolution
		Debug|Any CPU = Debug|Any CPU
		Release|Any CPU = Release|Any CPU
	EndGlobalSection
	GlobalSection(ProjectConfigurationPlatforms) = postSolution
		{7B2F4119-8416-436B-BF1A-1403AC89BA77}.Debug|Any CPU.ActiveCfg = Debug|Any CPU
		{7B2F4119-8416-436B-BF1A-1403AC89BA77}.Debug|Any CPU.Build.0 = Debug|Any CPU
		{7B2F4119-8416-436B-BF1A-1403AC89BA77}.Release|Any CPU.ActiveCfg = Release|Any CPU
		{7B2F4119-8416-436B-BF1A-1403AC89BA77}.Release|Any CPU.Build.0 = Release|Any CPU
	EndGlobalSection
	GlobalSection(SolutionProperties) = preSolution
		HideSolutionNode = FALSE
	EndGlobalSection
	GlobalSection(ExtensibilityGlobals) = postSolution
		SolutionGuid = {DCA50159-D18A-4E08-9526-1D4980FCCB3A}
	EndGlobalSection
EndGlobal
